
Microsoft Visual Studio Solution File, Format Version 12.00
# Visual Studio Version 16
VisualStudioVersion = 16.0.30611.23
MinimumVisualStudioVersion = 10.0.40219.1
Project("{9A19103F-16F7-4668-BE54-9A1E7A4F7556}") = "RecommendAPI", "RecommendAPI\RecommendAPI.csproj", "{6FAC54F2-759B-4BAE-9C41-3D3252A794EC}"
EndProject
Project("{FAE04EC0-301F-11D3-BF4B-00C04F79EFBC}") = "Test", "Test\Test.csproj", "{A86FB9E6-FA9A-4059-81F7-AAD24D521198}"
EndProject
Global
	GlobalSection(SolutionConfigurationPlatforms) = preSolution
		Debug|Any CPU = Debug|Any CPU
		Release|Any CPU = Release|Any CPU
	EndGlobalSection
	GlobalSection(ProjectConfigurationPlatforms) = postSolution
		{6FAC54F2-759B-4BAE-9C41-3D3252A794EC}.Debug|Any CPU.ActiveCfg = Debug|Any CPU
		{6FAC54F2-759B-4BAE-9C41-3D3252A794EC}.Debug|Any CPU.Build.0 = Debug|Any CPU
		{6FAC54F2-759B-4BAE-9C41-3D3252A794EC}.Release|Any CPU.ActiveCfg = Release|Any CPU
		{6FAC54F2-759B-4BAE-9C41-3D3252A794EC}.Release|Any CPU.Build.0 = Release|Any CPU
		{A86FB9E6-FA9A-4059-81F7-AAD24D521198}.Debug|Any CPU.ActiveCfg = Debug|Any CPU
		{A86FB9E6-FA9A-4059-81F7-AAD24D521198}.Debug|Any CPU.Build.0 = Debug|Any CPU
		{A86FB9E6-FA9A-4059-81F7-AAD24D521198}.Release|Any CPU.ActiveCfg = Release|Any CPU
		{A86FB9E6-FA9A-4059-81F7-AAD24D521198}.Release|Any CPU.Build.0 = Release|Any CPU
	EndGlobalSection
	GlobalSection(SolutionProperties) = preSolution
		HideSolutionNode = FALSE
	EndGlobalSection
	GlobalSection(ExtensibilityGlobals) = postSolution
		SolutionGuid = {B8926D35-8A0D-45DC-B9F8-3C69195BD8F9}
	EndGlobalSection
EndGlobal
