
Microsoft Visual Studio Solution File, Format Version 12.00
# Visual Studio Version 16
VisualStudioVersion = 16.0.30204.135
MinimumVisualStudioVersion = 10.0.40219.1
Project("{9A19103F-16F7-4668-BE54-9A1E7A4F7556}") = "Authentication_API", "Authentication_API\Authentication_API.csproj", "{763E774F-F869-427D-961E-82D31DEC198E}"
EndProject
Project("{FAE04EC0-301F-11D3-BF4B-00C04F79EFBC}") = "AuthenticationTest", "AuthenticationTest\AuthenticationTest.csproj", "{ED0D8404-F747-405C-B61C-3B745FFF24F3}"
EndProject
Global
	GlobalSection(SolutionConfigurationPlatforms) = preSolution
		Debug|Any CPU = Debug|Any CPU
		Release|Any CPU = Release|Any CPU
	EndGlobalSection
	GlobalSection(ProjectConfigurationPlatforms) = postSolution
		{763E774F-F869-427D-961E-82D31DEC198E}.Debug|Any CPU.ActiveCfg = Debug|Any CPU
		{763E774F-F869-427D-961E-82D31DEC198E}.Debug|Any CPU.Build.0 = Debug|Any CPU
		{763E774F-F869-427D-961E-82D31DEC198E}.Release|Any CPU.ActiveCfg = Release|Any CPU
		{763E774F-F869-427D-961E-82D31DEC198E}.Release|Any CPU.Build.0 = Release|Any CPU
		{ED0D8404-F747-405C-B61C-3B745FFF24F3}.Debug|Any CPU.ActiveCfg = Debug|Any CPU
		{ED0D8404-F747-405C-B61C-3B745FFF24F3}.Debug|Any CPU.Build.0 = Debug|Any CPU
		{ED0D8404-F747-405C-B61C-3B745FFF24F3}.Release|Any CPU.ActiveCfg = Release|Any CPU
		{ED0D8404-F747-405C-B61C-3B745FFF24F3}.Release|Any CPU.Build.0 = Release|Any CPU
	EndGlobalSection
	GlobalSection(SolutionProperties) = preSolution
		HideSolutionNode = FALSE
	EndGlobalSection
	GlobalSection(ExtensibilityGlobals) = postSolution
		SolutionGuid = {BF81E479-23BF-41A5-8016-FBFD255BCB15}
	EndGlobalSection
EndGlobal
