
Microsoft Visual Studio Solution File, Format Version 12.00
# Visual Studio Version 16
VisualStudioVersion = 16.0.30204.135
MinimumVisualStudioVersion = 10.0.40219.1
Project("{9A19103F-16F7-4668-BE54-9A1E7A4F7556}") = "Favourite API", "Favourite API\Favourite API.csproj", "{14217099-3865-4CCC-A576-FA19238080C1}"
EndProject
Project("{FAE04EC0-301F-11D3-BF4B-00C04F79EFBC}") = "FavouriteTest", "FavouriteTest\FavouriteTest.csproj", "{DEA349BE-2D56-4D68-8387-3B7C04DBE3C6}"
EndProject
Global
	GlobalSection(SolutionConfigurationPlatforms) = preSolution
		Debug|Any CPU = Debug|Any CPU
		Release|Any CPU = Release|Any CPU
	EndGlobalSection
	GlobalSection(ProjectConfigurationPlatforms) = postSolution
		{14217099-3865-4CCC-A576-FA19238080C1}.Debug|Any CPU.ActiveCfg = Debug|Any CPU
		{14217099-3865-4CCC-A576-FA19238080C1}.Debug|Any CPU.Build.0 = Debug|Any CPU
		{14217099-3865-4CCC-A576-FA19238080C1}.Release|Any CPU.ActiveCfg = Release|Any CPU
		{14217099-3865-4CCC-A576-FA19238080C1}.Release|Any CPU.Build.0 = Release|Any CPU
		{DEA349BE-2D56-4D68-8387-3B7C04DBE3C6}.Debug|Any CPU.ActiveCfg = Debug|Any CPU
		{DEA349BE-2D56-4D68-8387-3B7C04DBE3C6}.Debug|Any CPU.Build.0 = Debug|Any CPU
		{DEA349BE-2D56-4D68-8387-3B7C04DBE3C6}.Release|Any CPU.ActiveCfg = Release|Any CPU
		{DEA349BE-2D56-4D68-8387-3B7C04DBE3C6}.Release|Any CPU.Build.0 = Release|Any CPU
	EndGlobalSection
	GlobalSection(SolutionProperties) = preSolution
		HideSolutionNode = FALSE
	EndGlobalSection
	GlobalSection(ExtensibilityGlobals) = postSolution
		SolutionGuid = {3B79FFF1-3F26-47D9-AFC0-B0CBE50518A3}
	EndGlobalSection
EndGlobal
